// !$*UTF8*$!
{
	archiveVersion = 1;
	classes = {
	};
	objectVersion = 77;
	objects = {

/* Begin PBXBuildFile section */
		A01920252D4CF98D00F87A28 /* Kingfisher in Frameworks */ = {isa = PBXBuildFile; productRef = A01920242D4CF98D00F87A28 /* Kingfisher */; };
		A01A1FB42D4C04CF00186311 /* Secrets.xcconfig in Resources */ = {isa = PBXBuildFile; fileRef = A01A1FB32D4C04CF00186311 /* Secrets.xcconfig */; };
/* End PBXBuildFile section */

/* Begin PBXContainerItemProxy section */
		A01A1F852D4BDD4000186311 /* PBXContainerItemProxy */ = {
			isa = PBXContainerItemProxy;
			containerPortal = A01A1F6C2D4BDD3F00186311 /* Project object */;
			proxyType = 1;
			remoteGlobalIDString = A01A1F732D4BDD3F00186311;
			remoteInfo = InstantNews;
		};
		A01A1F8F2D4BDD4000186311 /* PBXContainerItemProxy */ = {
			isa = PBXContainerItemProxy;
			containerPortal = A01A1F6C2D4BDD3F00186311 /* Project object */;
			proxyType = 1;
			remoteGlobalIDString = A01A1F732D4BDD3F00186311;
			remoteInfo = InstantNews;
		};
/* End PBXContainerItemProxy section */

/* Begin PBXFileReference section */
		A01A1F742D4BDD3F00186311 /* InstantNews.app */ = {isa = PBXFileReference; explicitFileType = wrapper.application; includeInIndex = 0; path = InstantNews.app; sourceTree = BUILT_PRODUCTS_DIR; };
		A01A1F842D4BDD4000186311 /* InstantNewsTests.xctest */ = {isa = PBXFileReference; explicitFileType = wrapper.cfbundle; includeInIndex = 0; path = InstantNewsTests.xctest; sourceTree = BUILT_PRODUCTS_DIR; };
		A01A1F8E2D4BDD4000186311 /* InstantNewsUITests.xctest */ = {isa = PBXFileReference; explicitFileType = wrapper.cfbundle; includeInIndex = 0; path = InstantNewsUITests.xctest; sourceTree = BUILT_PRODUCTS_DIR; };
		A01A1FB32D4C04CF00186311 /* Secrets.xcconfig */ = {isa = PBXFileReference; lastKnownFileType = text.xcconfig; path = Secrets.xcconfig; sourceTree = "<group>"; };
/* End PBXFileReference section */

/* Begin PBXFileSystemSynchronizedBuildFileExceptionSet section */
		A01A1FB62D4C052F00186311 /* Exceptions for "InstantNews" folder in "InstantNews" target */ = {
			isa = PBXFileSystemSynchronizedBuildFileExceptionSet;
			membershipExceptions = (
				Info.plist,
			);
			target = A01A1F732D4BDD3F00186311 /* InstantNews */;
		};
/* End PBXFileSystemSynchronizedBuildFileExceptionSet section */

/* Begin PBXFileSystemSynchronizedRootGroup section */
		A01A1F762D4BDD3F00186311 /* InstantNews */ = {
			isa = PBXFileSystemSynchronizedRootGroup;
			exceptions = (
				A01A1FB62D4C052F00186311 /* Exceptions for "InstantNews" folder in "InstantNews" target */,
			);
			path = InstantNews;
			sourceTree = "<group>";
		};
		A01A1F872D4BDD4000186311 /* InstantNewsTests */ = {
			isa = PBXFileSystemSynchronizedRootGroup;
			path = InstantNewsTests;
			sourceTree = "<group>";
		};
		A01A1F912D4BDD4000186311 /* InstantNewsUITests */ = {
			isa = PBXFileSystemSynchronizedRootGroup;
			path = InstantNewsUITests;
			sourceTree = "<group>";
		};
/* End PBXFileSystemSynchronizedRootGroup section */

/* Begin PBXFrameworksBuildPhase section */
		A01A1F712D4BDD3F00186311 /* Frameworks */ = {
			isa = PBXFrameworksBuildPhase;
			buildActionMask = 2147483647;
			files = (
				A01920252D4CF98D00F87A28 /* Kingfisher in Frameworks */,
			);
			runOnlyForDeploymentPostprocessing = 0;
		};
		A01A1F812D4BDD4000186311 /* Frameworks */ = {
			isa = PBXFrameworksBuildPhase;
			buildActionMask = 2147483647;
			files = (
			);
			runOnlyForDeploymentPostprocessing = 0;
		};
		A01A1F8B2D4BDD4000186311 /* Frameworks */ = {
			isa = PBXFrameworksBuildPhase;
			buildActionMask = 2147483647;
			files = (
			);
			runOnlyForDeploymentPostprocessing = 0;
		};
/* End PBXFrameworksBuildPhase section */

/* Begin PBXGroup section */
		A01A1F6B2D4BDD3F00186311 = {
			isa = PBXGroup;
			children = (
				A01A1FB32D4C04CF00186311 /* Secrets.xcconfig */,
				A01A1F762D4BDD3F00186311 /* InstantNews */,
				A01A1F872D4BDD4000186311 /* InstantNewsTests */,
				A01A1F912D4BDD4000186311 /* InstantNewsUITests */,
				A01A1F752D4BDD3F00186311 /* Products */,
			);
			sourceTree = "<group>";
		};
		A01A1F752D4BDD3F00186311 /* Products */ = {
			isa = PBXGroup;
			children = (
				A01A1F742D4BDD3F00186311 /* InstantNews.app */,
				A01A1F842D4BDD4000186311 /* InstantNewsTests.xctest */,
				A01A1F8E2D4BDD4000186311 /* InstantNewsUITests.xctest */,
			);
			name = Products;
			sourceTree = "<group>";
		};
/* End PBXGroup section */

/* Begin PBXNativeTarget section */
		A01A1F732D4BDD3F00186311 /* InstantNews */ = {
			isa = PBXNativeTarget;
			buildConfigurationList = A01A1F982D4BDD4000186311 /* Build configuration list for PBXNativeTarget "InstantNews" */;
			buildPhases = (
				A01A1F702D4BDD3F00186311 /* Sources */,
				A01A1F712D4BDD3F00186311 /* Frameworks */,
				A01A1F722D4BDD3F00186311 /* Resources */,
			);
			buildRules = (
			);
			dependencies = (
			);
			fileSystemSynchronizedGroups = (
				A01A1F762D4BDD3F00186311 /* InstantNews */,
			);
			name = InstantNews;
			packageProductDependencies = (
				A01920242D4CF98D00F87A28 /* Kingfisher */,
			);
			productName = InstantNews;
			productReference = A01A1F742D4BDD3F00186311 /* InstantNews.app */;
			productType = "com.apple.product-type.application";
		};
		A01A1F832D4BDD4000186311 /* InstantNewsTests */ = {
			isa = PBXNativeTarget;
			buildConfigurationList = A01A1F9B2D4BDD4000186311 /* Build configuration list for PBXNativeTarget "InstantNewsTests" */;
			buildPhases = (
				A01A1F802D4BDD4000186311 /* Sources */,
				A01A1F812D4BDD4000186311 /* Frameworks */,
				A01A1F822D4BDD4000186311 /* Resources */,
			);
			buildRules = (
			);
			dependencies = (
				A01A1F862D4BDD4000186311 /* PBXTargetDependency */,
			);
			fileSystemSynchronizedGroups = (
				A01A1F872D4BDD4000186311 /* InstantNewsTests */,
			);
			name = InstantNewsTests;
			packageProductDependencies = (
			);
			productName = InstantNewsTests;
			productReference = A01A1F842D4BDD4000186311 /* InstantNewsTests.xctest */;
			productType = "com.apple.product-type.bundle.unit-test";
		};
		A01A1F8D2D4BDD4000186311 /* InstantNewsUITests */ = {
			isa = PBXNativeTarget;
			buildConfigurationList = A01A1F9E2D4BDD4000186311 /* Build configuration list for PBXNativeTarget "InstantNewsUITests" */;
			buildPhases = (
				A01A1F8A2D4BDD4000186311 /* Sources */,
				A01A1F8B2D4BDD4000186311 /* Frameworks */,
				A01A1F8C2D4BDD4000186311 /* Resources */,
			);
			buildRules = (
			);
			dependencies = (
				A01A1F902D4BDD4000186311 /* PBXTargetDependency */,
			);
			fileSystemSynchronizedGroups = (
				A01A1F912D4BDD4000186311 /* InstantNewsUITests */,
			);
			name = InstantNewsUITests;
			packageProductDependencies = (
			);
			productName = InstantNewsUITests;
			productReference = A01A1F8E2D4BDD4000186311 /* InstantNewsUITests.xctest */;
			productType = "com.apple.product-type.bundle.ui-testing";
		};
/* End PBXNativeTarget section */

/* Begin PBXProject section */
		A01A1F6C2D4BDD3F00186311 /* Project object */ = {
			isa = PBXProject;
			attributes = {
				BuildIndependentTargetsInParallel = 1;
				LastSwiftUpdateCheck = 1620;
				LastUpgradeCheck = 1620;
				TargetAttributes = {
					A01A1F732D4BDD3F00186311 = {
						CreatedOnToolsVersion = 16.2;
					};
					A01A1F832D4BDD4000186311 = {
						CreatedOnToolsVersion = 16.2;
						TestTargetID = A01A1F732D4BDD3F00186311;
					};
					A01A1F8D2D4BDD4000186311 = {
						CreatedOnToolsVersion = 16.2;
						TestTargetID = A01A1F732D4BDD3F00186311;
					};
				};
			};
			buildConfigurationList = A01A1F6F2D4BDD3F00186311 /* Build configuration list for PBXProject "InstantNews" */;
			developmentRegion = en;
			hasScannedForEncodings = 0;
			knownRegions = (
				en,
				Base,
			);
			mainGroup = A01A1F6B2D4BDD3F00186311;
			minimizedProjectReferenceProxies = 1;
			packageReferences = (
				A01920232D4CF98D00F87A28 /* XCRemoteSwiftPackageReference "Kingfisher" */,
			);
			preferredProjectObjectVersion = 77;
			productRefGroup = A01A1F752D4BDD3F00186311 /* Products */;
			projectDirPath = "";
			projectRoot = "";
			targets = (
				A01A1F732D4BDD3F00186311 /* InstantNews */,
				A01A1F832D4BDD4000186311 /* InstantNewsTests */,
				A01A1F8D2D4BDD4000186311 /* InstantNewsUITests */,
			);
		};
/* End PBXProject section */

/* Begin PBXResourcesBuildPhase section */
		A01A1F722D4BDD3F00186311 /* Resources */ = {
			isa = PBXResourcesBuildPhase;
			buildActionMask = 2147483647;
			files = (
				A01A1FB42D4C04CF00186311 /* Secrets.xcconfig in Resources */,
			);
			runOnlyForDeploymentPostprocessing = 0;
		};
		A01A1F822D4BDD4000186311 /* Resources */ = {
			isa = PBXResourcesBuildPhase;
			buildActionMask = 2147483647;
			files = (
			);
			runOnlyForDeploymentPostprocessing = 0;
		};
		A01A1F8C2D4BDD4000186311 /* Resources */ = {
			isa = PBXResourcesBuildPhase;
			buildActionMask = 2147483647;
			files = (
			);
			runOnlyForDeploymentPostprocessing = 0;
		};
/* End PBXResourcesBuildPhase section */

/* Begin PBXSourcesBuildPhase section */
		A01A1F702D4BDD3F00186311 /* Sources */ = {
			isa = PBXSourcesBuildPhase;
			buildActionMask = 2147483647;
			files = (
			);
			runOnlyForDeploymentPostprocessing = 0;
		};
		A01A1F802D4BDD4000186311 /* Sources */ = {
			isa = PBXSourcesBuildPhase;
			buildActionMask = 2147483647;
			files = (
			);
			runOnlyForDeploymentPostprocessing = 0;
		};
		A01A1F8A2D4BDD4000186311 /* Sources */ = {
			isa = PBXSourcesBuildPhase;
			buildActionMask = 2147483647;
			files = (
			);
			runOnlyForDeploymentPostprocessing = 0;
		};
/* End PBXSourcesBuildPhase section */

/* Begin PBXTargetDependency section */
		A01A1F862D4BDD4000186311 /* PBXTargetDependency */ = {
			isa = PBXTargetDependency;
			target = A01A1F732D4BDD3F00186311 /* InstantNews */;
			targetProxy = A01A1F852D4BDD4000186311 /* PBXContainerItemProxy */;
		};
		A01A1F902D4BDD4000186311 /* PBXTargetDependency */ = {
			isa = PBXTargetDependency;
			target = A01A1F732D4BDD3F00186311 /* InstantNews */;
			targetProxy = A01A1F8F2D4BDD4000186311 /* PBXContainerItemProxy */;
		};
/* End PBXTargetDependency section */

/* Begin XCBuildConfiguration section */
		A01A1F962D4BDD4000186311 /* Debug */ = {
			isa = XCBuildConfiguration;
			baseConfigurationReference = A01A1FB32D4C04CF00186311 /* Secrets.xcconfig */;
			buildSettings = {
				ALWAYS_SEARCH_USER_PATHS = NO;
				ASSETCATALOG_COMPILER_GENERATE_SWIFT_ASSET_SYMBOL_EXTENSIONS = YES;
				CLANG_ANALYZER_NONNULL = YES;
				CLANG_ANALYZER_NUMBER_OBJECT_CONVERSION = YES_AGGRESSIVE;
				CLANG_CXX_LANGUAGE_STANDARD = "gnu++20";
				CLANG_ENABLE_MODULES = YES;
				CLANG_ENABLE_OBJC_ARC = YES;
				CLANG_ENABLE_OBJC_WEAK = YES;
				CLANG_WARN_BLOCK_CAPTURE_AUTORELEASING = YES;
				CLANG_WARN_BOOL_CONVERSION = YES;
				CLANG_WARN_COMMA = YES;
				CLANG_WARN_CONSTANT_CONVERSION = YES;
				CLANG_WARN_DEPRECATED_OBJC_IMPLEMENTATIONS = YES;
				CLANG_WARN_DIRECT_OBJC_ISA_USAGE = YES_ERROR;
				CLANG_WARN_DOCUMENTATION_COMMENTS = YES;
				CLANG_WARN_EMPTY_BODY = YES;
				CLANG_WARN_ENUM_CONVERSION = YES;
				CLANG_WARN_INFINITE_RECURSION = YES;
				CLANG_WARN_INT_CONVERSION = YES;
				CLANG_WARN_NON_LITERAL_NULL_CONVERSION = YES;
				CLANG_WARN_OBJC_IMPLICIT_RETAIN_SELF = YES;
				CLANG_WARN_OBJC_LITERAL_CONVERSION = YES;
				CLANG_WARN_OBJC_ROOT_CLASS = YES_ERROR;
				CLANG_WARN_QUOTED_INCLUDE_IN_FRAMEWORK_HEADER = YES;
				CLANG_WARN_RANGE_LOOP_ANALYSIS = YES;
				CLANG_WARN_STRICT_PROTOTYPES = YES;
				CLANG_WARN_SUSPICIOUS_MOVE = YES;
				CLANG_WARN_UNGUARDED_AVAILABILITY = YES_AGGRESSIVE;
				CLANG_WARN_UNREACHABLE_CODE = YES;
				CLANG_WARN__DUPLICATE_METHOD_MATCH = YES;
				COPY_PHASE_STRIP = NO;
				DEBUG_INFORMATION_FORMAT = dwarf;
				ENABLE_STRICT_OBJC_MSGSEND = YES;
				ENABLE_TESTABILITY = YES;
				ENABLE_USER_SCRIPT_SANDBOXING = YES;
				GCC_C_LANGUAGE_STANDARD = gnu17;
				GCC_DYNAMIC_NO_PIC = NO;
				GCC_NO_COMMON_BLOCKS = YES;
				GCC_OPTIMIZATION_LEVEL = 0;
				GCC_PREPROCESSOR_DEFINITIONS = (
					"DEBUG=1",
					"$(inherited)",
				);
				GCC_WARN_64_TO_32_BIT_CONVERSION = YES;
				GCC_WARN_ABOUT_RETURN_TYPE = YES_ERROR;
				GCC_WARN_UNDECLARED_SELECTOR = YES;
				GCC_WARN_UNINITIALIZED_AUTOS = YES_AGGRESSIVE;
				GCC_WARN_UNUSED_FUNCTION = YES;
				GCC_WARN_UNUSED_VARIABLE = YES;
				IPHONEOS_DEPLOYMENT_TARGET = 18.2;
				LOCALIZATION_PREFERS_STRING_CATALOGS = YES;
				MTL_ENABLE_DEBUG_INFO = INCLUDE_SOURCE;
				MTL_FAST_MATH = YES;
				ONLY_ACTIVE_ARCH = YES;
				SDKROOT = iphoneos;
				SWIFT_ACTIVE_COMPILATION_CONDITIONS = "DEBUG $(inherited)";
				SWIFT_OPTIMIZATION_LEVEL = "-Onone";
			};
			name = Debug;
		};
		A01A1F972D4BDD4000186311 /* Release */ = {
			isa = XCBuildConfiguration;
			baseConfigurationReference = A01A1FB32D4C04CF00186311 /* Secrets.xcconfig */;
			buildSettings = {
				ALWAYS_SEARCH_USER_PATHS = NO;
				ASSETCATALOG_COMPILER_GENERATE_SWIFT_ASSET_SYMBOL_EXTENSIONS = YES;
				CLANG_ANALYZER_NONNULL = YES;
				CLANG_ANALYZER_NUMBER_OBJECT_CONVERSION = YES_AGGRESSIVE;
				CLANG_CXX_LANGUAGE_STANDARD = "gnu++20";
				CLANG_ENABLE_MODULES = YES;
				CLANG_ENABLE_OBJC_ARC = YES;
				CLANG_ENABLE_OBJC_WEAK = YES;
				CLANG_WARN_BLOCK_CAPTURE_AUTORELEASING = YES;
				CLANG_WARN_BOOL_CONVERSION = YES;
				CLANG_WARN_COMMA = YES;
				CLANG_WARN_CONSTANT_CONVERSION = YES;
				CLANG_WARN_DEPRECATED_OBJC_IMPLEMENTATIONS = YES;
				CLANG_WARN_DIRECT_OBJC_ISA_USAGE = YES_ERROR;
				CLANG_WARN_DOCUMENTATION_COMMENTS = YES;
				CLANG_WARN_EMPTY_BODY = YES;
				CLANG_WARN_ENUM_CONVERSION = YES;
				CLANG_WARN_INFINITE_RECURSION = YES;
				CLANG_WARN_INT_CONVERSION = YES;
				CLANG_WARN_NON_LITERAL_NULL_CONVERSION = YES;
				CLANG_WARN_OBJC_IMPLICIT_RETAIN_SELF = YES;
				CLANG_WARN_OBJC_LITERAL_CONVERSION = YES;
				CLANG_WARN_OBJC_ROOT_CLASS = YES_ERROR;
				CLANG_WARN_QUOTED_INCLUDE_IN_FRAMEWORK_HEADER = YES;
				CLANG_WARN_RANGE_LOOP_ANALYSIS = YES;
				CLANG_WARN_STRICT_PROTOTYPES = YES;
				CLANG_WARN_SUSPICIOUS_MOVE = YES;
				CLANG_WARN_UNGUARDED_AVAILABILITY = YES_AGGRESSIVE;
				CLANG_WARN_UNREACHABLE_CODE = YES;
				CLANG_WARN__DUPLICATE_METHOD_MATCH = YES;
				COPY_PHASE_STRIP = NO;
				DEBUG_INFORMATION_FORMAT = "dwarf-with-dsym";
				ENABLE_NS_ASSERTIONS = NO;
				ENABLE_STRICT_OBJC_MSGSEND = YES;
				ENABLE_USER_SCRIPT_SANDBOXING = YES;
				GCC_C_LANGUAGE_STANDARD = gnu17;
				GCC_NO_COMMON_BLOCKS = YES;
				GCC_WARN_64_TO_32_BIT_CONVERSION = YES;
				GCC_WARN_ABOUT_RETURN_TYPE = YES_ERROR;
				GCC_WARN_UNDECLARED_SELECTOR = YES;
				GCC_WARN_UNINITIALIZED_AUTOS = YES_AGGRESSIVE;
				GCC_WARN_UNUSED_FUNCTION = YES;
				GCC_WARN_UNUSED_VARIABLE = YES;
				IPHONEOS_DEPLOYMENT_TARGET = 18.2;
				LOCALIZATION_PREFERS_STRING_CATALOGS = YES;
				MTL_ENABLE_DEBUG_INFO = NO;
				MTL_FAST_MATH = YES;
				SDKROOT = iphoneos;
				SWIFT_COMPILATION_MODE = wholemodule;
				VALIDATE_PRODUCT = YES;
			};
			name = Release;
		};
		A01A1F992D4BDD4000186311 /* Debug */ = {
			isa = XCBuildConfiguration;
			buildSettings = {
				ASSETCATALOG_COMPILER_APPICON_NAME = AppIcon;
				ASSETCATALOG_COMPILER_GLOBAL_ACCENT_COLOR_NAME = AccentColor;
				CODE_SIGN_STYLE = Automatic;
				CURRENT_PROJECT_VERSION = 1;
				DEVELOPMENT_ASSET_PATHS = "\"InstantNews/Preview Content\"";
				DEVELOPMENT_TEAM = 8LW7CGBRD9;
				ENABLE_PREVIEWS = YES;
				GENERATE_INFOPLIST_FILE = YES;
				INFOPLIST_FILE = InstantNews/Info.plist;
				INFOPLIST_KEY_UIApplicationSceneManifest_Generation = YES;
				INFOPLIST_KEY_UIApplicationSupportsIndirectInputEvents = YES;
				INFOPLIST_KEY_UILaunchScreen_Generation = YES;
				INFOPLIST_KEY_UISupportedInterfaceOrientations_iPad = "UIInterfaceOrientationPortrait UIInterfaceOrientationPortraitUpsideDown UIInterfaceOrientationLandscapeLeft UIInterfaceOrientationLandscapeRight";
				INFOPLIST_KEY_UISupportedInterfaceOrientations_iPhone = "UIInterfaceOrientationPortrait UIInterfaceOrientationLandscapeLeft UIInterfaceOrientationLandscapeRight";
				LD_RUNPATH_SEARCH_PATHS = (
					"$(inherited)",
					"@executable_path/Frameworks",
				);
				MARKETING_VERSION = 1.0;
				PRODUCT_BUNDLE_IDENTIFIER = com.lucasamelin.InstantNews;
				PRODUCT_NAME = "$(TARGET_NAME)";
				SWIFT_EMIT_LOC_STRINGS = YES;
				SWIFT_VERSION = 5.0;
				TARGETED_DEVICE_FAMILY = "1,2";
			};
			name = Debug;
		};
		A01A1F9A2D4BDD4000186311 /* Release */ = {
			isa = XCBuildConfiguration;
			buildSettings = {
				ASSETCATALOG_COMPILER_APPICON_NAME = AppIcon;
				ASSETCATALOG_COMPILER_GLOBAL_ACCENT_COLOR_NAME = AccentColor;
				CODE_SIGN_STYLE = Automatic;
				CURRENT_PROJECT_VERSION = 1;
				DEVELOPMENT_ASSET_PATHS = "\"InstantNews/Preview Content\"";
				DEVELOPMENT_TEAM = 8LW7CGBRD9;
				ENABLE_PREVIEWS = YES;
				GENERATE_INFOPLIST_FILE = YES;
				INFOPLIST_FILE = InstantNews/Info.plist;
				INFOPLIST_KEY_UIApplicationSceneManifest_Generation = YES;
				INFOPLIST_KEY_UIApplicationSupportsIndirectInputEvents = YES;
				INFOPLIST_KEY_UILaunchScreen_Generation = YES;
				INFOPLIST_KEY_UISupportedInterfaceOrientations_iPad = "UIInterfaceOrientationPortrait UIInterfaceOrientationPortraitUpsideDown UIInterfaceOrientationLandscapeLeft UIInterfaceOrientationLandscapeRight";
				INFOPLIST_KEY_UISupportedInterfaceOrientations_iPhone = "UIInterfaceOrientationPortrait UIInterfaceOrientationLandscapeLeft UIInterfaceOrientationLandscapeRight";
				LD_RUNPATH_SEARCH_PATHS = (
					"$(inherited)",
					"@executable_path/Frameworks",
				);
				MARKETING_VERSION = 1.0;
				PRODUCT_BUNDLE_IDENTIFIER = com.lucasamelin.InstantNews;
				PRODUCT_NAME = "$(TARGET_NAME)";
				SWIFT_EMIT_LOC_STRINGS = YES;
				SWIFT_VERSION = 5.0;
				TARGETED_DEVICE_FAMILY = "1,2";
			};
			name = Release;
		};
		A01A1F9C2D4BDD4000186311 /* Debug */ = {
			isa = XCBuildConfiguration;
			buildSettings = {
				BUNDLE_LOADER = "$(TEST_HOST)";
				CODE_SIGN_STYLE = Automatic;
				CURRENT_PROJECT_VERSION = 1;
				DEVELOPMENT_TEAM = 8LW7CGBRD9;
				GENERATE_INFOPLIST_FILE = YES;
				IPHONEOS_DEPLOYMENT_TARGET = 18.2;
				MARKETING_VERSION = 1.0;
				PRODUCT_BUNDLE_IDENTIFIER = com.lucasamelin.InstantNewsTests;
				PRODUCT_NAME = "$(TARGET_NAME)";
				SWIFT_EMIT_LOC_STRINGS = NO;
				SWIFT_VERSION = 5.0;
				TARGETED_DEVICE_FAMILY = "1,2";
				TEST_HOST = "$(BUILT_PRODUCTS_DIR)/InstantNews.app/$(BUNDLE_EXECUTABLE_FOLDER_PATH)/InstantNews";
			};
			name = Debug;
		};
		A01A1F9D2D4BDD4000186311 /* Release */ = {
			isa = XCBuildConfiguration;
			buildSettings = {
				BUNDLE_LOADER = "$(TEST_HOST)";
				CODE_SIGN_STYLE = Automatic;
				CURRENT_PROJECT_VERSION = 1;
				DEVELOPMENT_TEAM = 8LW7CGBRD9;
				GENERATE_INFOPLIST_FILE = YES;
				IPHONEOS_DEPLOYMENT_TARGET = 18.2;
				MARKETING_VERSION = 1.0;
				PRODUCT_BUNDLE_IDENTIFIER = com.lucasamelin.InstantNewsTests;
				PRODUCT_NAME = "$(TARGET_NAME)";
				SWIFT_EMIT_LOC_STRINGS = NO;
				SWIFT_VERSION = 5.0;
				TARGETED_DEVICE_FAMILY = "1,2";
				TEST_HOST = "$(BUILT_PRODUCTS_DIR)/InstantNews.app/$(BUNDLE_EXECUTABLE_FOLDER_PATH)/InstantNews";
			};
			name = Release;
		};
		A01A1F9F2D4BDD4000186311 /* Debug */ = {
			isa = XCBuildConfiguration;
			buildSettings = {
				CODE_SIGN_STYLE = Automatic;
				CURRENT_PROJECT_VERSION = 1;
				DEVELOPMENT_TEAM = 8LW7CGBRD9;
				GENERATE_INFOPLIST_FILE = YES;
				MARKETING_VERSION = 1.0;
				PRODUCT_BUNDLE_IDENTIFIER = com.lucasamelin.InstantNewsUITests;
				PRODUCT_NAME = "$(TARGET_NAME)";
				SWIFT_EMIT_LOC_STRINGS = NO;
				SWIFT_VERSION = 5.0;
				TARGETED_DEVICE_FAMILY = "1,2";
				TEST_TARGET_NAME = InstantNews;
			};
			name = Debug;
		};
		A01A1FA02D4BDD4000186311 /* Release */ = {
			isa = XCBuildConfiguration;
			buildSettings = {
				CODE_SIGN_STYLE = Automatic;
				CURRENT_PROJECT_VERSION = 1;
				DEVELOPMENT_TEAM = 8LW7CGBRD9;
				GENERATE_INFOPLIST_FILE = YES;
				MARKETING_VERSION = 1.0;
				PRODUCT_BUNDLE_IDENTIFIER = com.lucasamelin.InstantNewsUITests;
				PRODUCT_NAME = "$(TARGET_NAME)";
				SWIFT_EMIT_LOC_STRINGS = NO;
				SWIFT_VERSION = 5.0;
				TARGETED_DEVICE_FAMILY = "1,2";
				TEST_TARGET_NAME = InstantNews;
			};
			name = Release;
		};
/* End XCBuildConfiguration section */

/* Begin XCConfigurationList section */
		A01A1F6F2D4BDD3F00186311 /* Build configuration list for PBXProject "InstantNews" */ = {
			isa = XCConfigurationList;
			buildConfigurations = (
				A01A1F962D4BDD4000186311 /* Debug */,
				A01A1F972D4BDD4000186311 /* Release */,
			);
			defaultConfigurationIsVisible = 0;
			defaultConfigurationName = Release;
		};
		A01A1F982D4BDD4000186311 /* Build configuration list for PBXNativeTarget "InstantNews" */ = {
			isa = XCConfigurationList;
			buildConfigurations = (
				A01A1F992D4BDD4000186311 /* Debug */,
				A01A1F9A2D4BDD4000186311 /* Release */,
			);
			defaultConfigurationIsVisible = 0;
			defaultConfigurationName = Release;
		};
		A01A1F9B2D4BDD4000186311 /* Build configuration list for PBXNativeTarget "InstantNewsTests" */ = {
			isa = XCConfigurationList;
			buildConfigurations = (
				A01A1F9C2D4BDD4000186311 /* Debug */,
				A01A1F9D2D4BDD4000186311 /* Release */,
			);
			defaultConfigurationIsVisible = 0;
			defaultConfigurationName = Release;
		};
		A01A1F9E2D4BDD4000186311 /* Build configuration list for PBXNativeTarget "InstantNewsUITests" */ = {
			isa = XCConfigurationList;
			buildConfigurations = (
				A01A1F9F2D4BDD4000186311 /* Debug */,
				A01A1FA02D4BDD4000186311 /* Release */,
			);
			defaultConfigurationIsVisible = 0;
			defaultConfigurationName = Release;
		};
/* End XCConfigurationList section */

/* Begin XCRemoteSwiftPackageReference section */
		A01920232D4CF98D00F87A28 /* XCRemoteSwiftPackageReference "Kingfisher" */ = {
			isa = XCRemoteSwiftPackageReference;
			repositoryURL = "https://github.com/onevcat/Kingfisher";
			requirement = {
				kind = upToNextMajorVersion;
				minimumVersion = 8.1.4;
			};
		};
/* End XCRemoteSwiftPackageReference section */

/* Begin XCSwiftPackageProductDependency section */
		A01920242D4CF98D00F87A28 /* Kingfisher */ = {
			isa = XCSwiftPackageProductDependency;
			package = A01920232D4CF98D00F87A28 /* XCRemoteSwiftPackageReference "Kingfisher" */;
			productName = Kingfisher;
		};
/* End XCSwiftPackageProductDependency section */
	};
	rootObject = A01A1F6C2D4BDD3F00186311 /* Project object */;
}
